
Microsoft Visual Studio Solution File, Format Version 12.00
# Visual Studio 15
VisualStudioVersion = 15.0.27004.2009
MinimumVisualStudioVersion = 10.0.40219.1
Project("{9A19103F-16F7-4668-BE54-9A1E7A4F7556}") = "Tesseract.NetCore", "src\Tesseract\Tesseract.NetCore.csproj", "{DA1EFBAA-F96D-431E-B9A9-BA1E3B5CB0C8}"
EndProject
Project("{2150E333-8FDC-42A3-9474-1A3956D46DE8}") = "src", "src", "{4D373EF9-02B5-407E-80DA-D671074D98B7}"
EndProject
Project("{2150E333-8FDC-42A3-9474-1A3956D46DE8}") = "tests", "tests", "{FB8348E1-AFFC-4A79-B6EB-109E51EC840B}"
EndProject
Project("{9A19103F-16F7-4668-BE54-9A1E7A4F7556}") = "Tesseract.Tests", "tests\Tesseract.Tests\Tesseract.Tests.csproj", "{3E1104D7-02FA-4932-A88F-7A8238763758}"
EndProject
Project("{9A19103F-16F7-4668-BE54-9A1E7A4F7556}") = "Tesseract.Tests.Console", "tests\Tesseract.Tests.Console\Tesseract.Tests.Console.csproj", "{031EB41D-54EF-4C5E-A3C3-8226AB02EA10}"
EndProject
Project("{FAE04EC0-301F-11D3-BF4B-00C04F79EFBC}") = "Tesseract", "src\Tesseract\Tesseract.csproj", "{DA780CA0-2606-4259-91C4-3F38C5C90592}"
EndProject
Global
	GlobalSection(SolutionConfigurationPlatforms) = preSolution
		Debug|Any CPU = Debug|Any CPU
		Debug20|Any CPU = Debug20|Any CPU
		Debug35|Any CPU = Debug35|Any CPU
		Debug40|Any CPU = Debug40|Any CPU
		Debug40Client|Any CPU = Debug40Client|Any CPU
		Debug45|Any CPU = Debug45|Any CPU
		Debug451|Any CPU = Debug451|Any CPU
		Release|Any CPU = Release|Any CPU
		Release20|Any CPU = Release20|Any CPU
		Release35|Any CPU = Release35|Any CPU
		Release40|Any CPU = Release40|Any CPU
		Release40Client|Any CPU = Release40Client|Any CPU
		Release45|Any CPU = Release45|Any CPU
		Release451|Any CPU = Release451|Any CPU
	EndGlobalSection
	GlobalSection(ProjectConfigurationPlatforms) = postSolution
		{DA1EFBAA-F96D-431E-B9A9-BA1E3B5CB0C8}.Debug|Any CPU.ActiveCfg = Debug|Any CPU
		{DA1EFBAA-F96D-431E-B9A9-BA1E3B5CB0C8}.Debug|Any CPU.Build.0 = Debug|Any CPU
		{DA1EFBAA-F96D-431E-B9A9-BA1E3B5CB0C8}.Debug20|Any CPU.ActiveCfg = Debug|Any CPU
		{DA1EFBAA-F96D-431E-B9A9-BA1E3B5CB0C8}.Debug20|Any CPU.Build.0 = Debug|Any CPU
		{DA1EFBAA-F96D-431E-B9A9-BA1E3B5CB0C8}.Debug35|Any CPU.ActiveCfg = Debug|Any CPU
		{DA1EFBAA-F96D-431E-B9A9-BA1E3B5CB0C8}.Debug35|Any CPU.Build.0 = Debug|Any CPU
		{DA1EFBAA-F96D-431E-B9A9-BA1E3B5CB0C8}.Debug40|Any CPU.ActiveCfg = Debug|Any CPU
		{DA1EFBAA-F96D-431E-B9A9-BA1E3B5CB0C8}.Debug40|Any CPU.Build.0 = Debug|Any CPU
		{DA1EFBAA-F96D-431E-B9A9-BA1E3B5CB0C8}.Debug40Client|Any CPU.ActiveCfg = Debug|Any CPU
		{DA1EFBAA-F96D-431E-B9A9-BA1E3B5CB0C8}.Debug40Client|Any CPU.Build.0 = Debug|Any CPU
		{DA1EFBAA-F96D-431E-B9A9-BA1E3B5CB0C8}.Debug45|Any CPU.ActiveCfg = Debug|Any CPU
		{DA1EFBAA-F96D-431E-B9A9-BA1E3B5CB0C8}.Debug45|Any CPU.Build.0 = Debug|Any CPU
		{DA1EFBAA-F96D-431E-B9A9-BA1E3B5CB0C8}.Debug451|Any CPU.ActiveCfg = Debug|Any CPU
		{DA1EFBAA-F96D-431E-B9A9-BA1E3B5CB0C8}.Debug451|Any CPU.Build.0 = Debug|Any CPU
		{DA1EFBAA-F96D-431E-B9A9-BA1E3B5CB0C8}.Release|Any CPU.ActiveCfg = Release|Any CPU
		{DA1EFBAA-F96D-431E-B9A9-BA1E3B5CB0C8}.Release|Any CPU.Build.0 = Release|Any CPU
		{DA1EFBAA-F96D-431E-B9A9-BA1E3B5CB0C8}.Release20|Any CPU.ActiveCfg = Release|Any CPU
		{DA1EFBAA-F96D-431E-B9A9-BA1E3B5CB0C8}.Release20|Any CPU.Build.0 = Release|Any CPU
		{DA1EFBAA-F96D-431E-B9A9-BA1E3B5CB0C8}.Release35|Any CPU.ActiveCfg = Release|Any CPU
		{DA1EFBAA-F96D-431E-B9A9-BA1E3B5CB0C8}.Release35|Any CPU.Build.0 = Release|Any CPU
		{DA1EFBAA-F96D-431E-B9A9-BA1E3B5CB0C8}.Release40|Any CPU.ActiveCfg = Release|Any CPU
		{DA1EFBAA-F96D-431E-B9A9-BA1E3B5CB0C8}.Release40|Any CPU.Build.0 = Release|Any CPU
		{DA1EFBAA-F96D-431E-B9A9-BA1E3B5CB0C8}.Release40Client|Any CPU.ActiveCfg = Release|Any CPU
		{DA1EFBAA-F96D-431E-B9A9-BA1E3B5CB0C8}.Release40Client|Any CPU.Build.0 = Release|Any CPU
		{DA1EFBAA-F96D-431E-B9A9-BA1E3B5CB0C8}.Release45|Any CPU.ActiveCfg = Release|Any CPU
		{DA1EFBAA-F96D-431E-B9A9-BA1E3B5CB0C8}.Release45|Any CPU.Build.0 = Release|Any CPU
		{DA1EFBAA-F96D-431E-B9A9-BA1E3B5CB0C8}.Release451|Any CPU.ActiveCfg = Release|Any CPU
		{DA1EFBAA-F96D-431E-B9A9-BA1E3B5CB0C8}.Release451|Any CPU.Build.0 = Release|Any CPU
		{3E1104D7-02FA-4932-A88F-7A8238763758}.Debug|Any CPU.ActiveCfg = Debug|Any CPU
		{3E1104D7-02FA-4932-A88F-7A8238763758}.Debug|Any CPU.Build.0 = Debug|Any CPU
		{3E1104D7-02FA-4932-A88F-7A8238763758}.Debug20|Any CPU.ActiveCfg = Debug|Any CPU
		{3E1104D7-02FA-4932-A88F-7A8238763758}.Debug20|Any CPU.Build.0 = Debug|Any CPU
		{3E1104D7-02FA-4932-A88F-7A8238763758}.Debug35|Any CPU.ActiveCfg = Debug|Any CPU
		{3E1104D7-02FA-4932-A88F-7A8238763758}.Debug35|Any CPU.Build.0 = Debug|Any CPU
		{3E1104D7-02FA-4932-A88F-7A8238763758}.Debug40|Any CPU.ActiveCfg = Debug|Any CPU
		{3E1104D7-02FA-4932-A88F-7A8238763758}.Debug40|Any CPU.Build.0 = Debug|Any CPU
		{3E1104D7-02FA-4932-A88F-7A8238763758}.Debug40Client|Any CPU.ActiveCfg = Debug|Any CPU
		{3E1104D7-02FA-4932-A88F-7A8238763758}.Debug40Client|Any CPU.Build.0 = Debug|Any CPU
		{3E1104D7-02FA-4932-A88F-7A8238763758}.Debug45|Any CPU.ActiveCfg = Debug|Any CPU
		{3E1104D7-02FA-4932-A88F-7A8238763758}.Debug45|Any CPU.Build.0 = Debug|Any CPU
		{3E1104D7-02FA-4932-A88F-7A8238763758}.Debug451|Any CPU.ActiveCfg = Debug|Any CPU
		{3E1104D7-02FA-4932-A88F-7A8238763758}.Debug451|Any CPU.Build.0 = Debug|Any CPU
		{3E1104D7-02FA-4932-A88F-7A8238763758}.Release|Any CPU.ActiveCfg = Release|Any CPU
		{3E1104D7-02FA-4932-A88F-7A8238763758}.Release|Any CPU.Build.0 = Release|Any CPU
		{3E1104D7-02FA-4932-A88F-7A8238763758}.Release20|Any CPU.ActiveCfg = Release|Any CPU
		{3E1104D7-02FA-4932-A88F-7A8238763758}.Release20|Any CPU.Build.0 = Release|Any CPU
		{3E1104D7-02FA-4932-A88F-7A8238763758}.Release35|Any CPU.ActiveCfg = Release|Any CPU
		{3E1104D7-02FA-4932-A88F-7A8238763758}.Release35|Any CPU.Build.0 = Release|Any CPU
		{3E1104D7-02FA-4932-A88F-7A8238763758}.Release40|Any CPU.ActiveCfg = Release|Any CPU
		{3E1104D7-02FA-4932-A88F-7A8238763758}.Release40|Any CPU.Build.0 = Release|Any CPU
		{3E1104D7-02FA-4932-A88F-7A8238763758}.Release40Client|Any CPU.ActiveCfg = Release|Any CPU
		{3E1104D7-02FA-4932-A88F-7A8238763758}.Release40Client|Any CPU.Build.0 = Release|Any CPU
		{3E1104D7-02FA-4932-A88F-7A8238763758}.Release45|Any CPU.ActiveCfg = Release|Any CPU
		{3E1104D7-02FA-4932-A88F-7A8238763758}.Release45|Any CPU.Build.0 = Release|Any CPU
		{3E1104D7-02FA-4932-A88F-7A8238763758}.Release451|Any CPU.ActiveCfg = Release|Any CPU
		{3E1104D7-02FA-4932-A88F-7A8238763758}.Release451|Any CPU.Build.0 = Release|Any CPU
		{031EB41D-54EF-4C5E-A3C3-8226AB02EA10}.Debug|Any CPU.ActiveCfg = Debug|Any CPU
		{031EB41D-54EF-4C5E-A3C3-8226AB02EA10}.Debug|Any CPU.Build.0 = Debug|Any CPU
		{031EB41D-54EF-4C5E-A3C3-8226AB02EA10}.Debug20|Any CPU.ActiveCfg = Debug|Any CPU
		{031EB41D-54EF-4C5E-A3C3-8226AB02EA10}.Debug20|Any CPU.Build.0 = Debug|Any CPU
		{031EB41D-54EF-4C5E-A3C3-8226AB02EA10}.Debug35|Any CPU.ActiveCfg = Debug|Any CPU
		{031EB41D-54EF-4C5E-A3C3-8226AB02EA10}.Debug35|Any CPU.Build.0 = Debug|Any CPU
		{031EB41D-54EF-4C5E-A3C3-8226AB02EA10}.Debug40|Any CPU.ActiveCfg = Debug|Any CPU
		{031EB41D-54EF-4C5E-A3C3-8226AB02EA10}.Debug40|Any CPU.Build.0 = Debug|Any CPU
		{031EB41D-54EF-4C5E-A3C3-8226AB02EA10}.Debug40Client|Any CPU.ActiveCfg = Debug|Any CPU
		{031EB41D-54EF-4C5E-A3C3-8226AB02EA10}.Debug40Client|Any CPU.Build.0 = Debug|Any CPU
		{031EB41D-54EF-4C5E-A3C3-8226AB02EA10}.Debug45|Any CPU.ActiveCfg = Debug|Any CPU
		{031EB41D-54EF-4C5E-A3C3-8226AB02EA10}.Debug45|Any CPU.Build.0 = Debug|Any CPU
		{031EB41D-54EF-4C5E-A3C3-8226AB02EA10}.Debug451|Any CPU.ActiveCfg = Debug|Any CPU
		{031EB41D-54EF-4C5E-A3C3-8226AB02EA10}.Debug451|Any CPU.Build.0 = Debug|Any CPU
		{031EB41D-54EF-4C5E-A3C3-8226AB02EA10}.Release|Any CPU.ActiveCfg = Release|Any CPU
		{031EB41D-54EF-4C5E-A3C3-8226AB02EA10}.Release|Any CPU.Build.0 = Release|Any CPU
		{031EB41D-54EF-4C5E-A3C3-8226AB02EA10}.Release20|Any CPU.ActiveCfg = Release|Any CPU
		{031EB41D-54EF-4C5E-A3C3-8226AB02EA10}.Release20|Any CPU.Build.0 = Release|Any CPU
		{031EB41D-54EF-4C5E-A3C3-8226AB02EA10}.Release35|Any CPU.ActiveCfg = Release|Any CPU
		{031EB41D-54EF-4C5E-A3C3-8226AB02EA10}.Release35|Any CPU.Build.0 = Release|Any CPU
		{031EB41D-54EF-4C5E-A3C3-8226AB02EA10}.Release40|Any CPU.ActiveCfg = Release|Any CPU
		{031EB41D-54EF-4C5E-A3C3-8226AB02EA10}.Release40|Any CPU.Build.0 = Release|Any CPU
		{031EB41D-54EF-4C5E-A3C3-8226AB02EA10}.Release40Client|Any CPU.ActiveCfg = Release|Any CPU
		{031EB41D-54EF-4C5E-A3C3-8226AB02EA10}.Release40Client|Any CPU.Build.0 = Release|Any CPU
		{031EB41D-54EF-4C5E-A3C3-8226AB02EA10}.Release45|Any CPU.ActiveCfg = Release|Any CPU
		{031EB41D-54EF-4C5E-A3C3-8226AB02EA10}.Release45|Any CPU.Build.0 = Release|Any CPU
		{031EB41D-54EF-4C5E-A3C3-8226AB02EA10}.Release451|Any CPU.ActiveCfg = Release|Any CPU
		{031EB41D-54EF-4C5E-A3C3-8226AB02EA10}.Release451|Any CPU.Build.0 = Release|Any CPU
		{DA780CA0-2606-4259-91C4-3F38C5C90592}.Debug|Any CPU.ActiveCfg = Debug20|Any CPU
		{DA780CA0-2606-4259-91C4-3F38C5C90592}.Debug|Any CPU.Build.0 = Debug20|Any CPU
		{DA780CA0-2606-4259-91C4-3F38C5C90592}.Debug20|Any CPU.ActiveCfg = Debug20|Any CPU
		{DA780CA0-2606-4259-91C4-3F38C5C90592}.Debug20|Any CPU.Build.0 = Debug20|Any CPU
		{DA780CA0-2606-4259-91C4-3F38C5C90592}.Debug35|Any CPU.ActiveCfg = Debug35|Any CPU
		{DA780CA0-2606-4259-91C4-3F38C5C90592}.Debug35|Any CPU.Build.0 = Debug35|Any CPU
		{DA780CA0-2606-4259-91C4-3F38C5C90592}.Debug40|Any CPU.ActiveCfg = Debug40|Any CPU
		{DA780CA0-2606-4259-91C4-3F38C5C90592}.Debug40|Any CPU.Build.0 = Debug40|Any CPU
		{DA780CA0-2606-4259-91C4-3F38C5C90592}.Debug40Client|Any CPU.ActiveCfg = Debug40Client|Any CPU
		{DA780CA0-2606-4259-91C4-3F38C5C90592}.Debug40Client|Any CPU.Build.0 = Debug40Client|Any CPU
		{DA780CA0-2606-4259-91C4-3F38C5C90592}.Debug45|Any CPU.ActiveCfg = Debug45|Any CPU
		{DA780CA0-2606-4259-91C4-3F38C5C90592}.Debug45|Any CPU.Build.0 = Debug45|Any CPU
		{DA780CA0-2606-4259-91C4-3F38C5C90592}.Debug451|Any CPU.ActiveCfg = Debug451|Any CPU
		{DA780CA0-2606-4259-91C4-3F38C5C90592}.Debug451|Any CPU.Build.0 = Debug451|Any CPU
		{DA780CA0-2606-4259-91C4-3F38C5C90592}.Release|Any CPU.ActiveCfg = Release20|Any CPU
		{DA780CA0-2606-4259-91C4-3F38C5C90592}.Release|Any CPU.Build.0 = Release20|Any CPU
		{DA780CA0-2606-4259-91C4-3F38C5C90592}.Release20|Any CPU.ActiveCfg = Release20|Any CPU
		{DA780CA0-2606-4259-91C4-3F38C5C90592}.Release20|Any CPU.Build.0 = Release20|Any CPU
		{DA780CA0-2606-4259-91C4-3F38C5C90592}.Release35|Any CPU.ActiveCfg = Release35|Any CPU
		{DA780CA0-2606-4259-91C4-3F38C5C90592}.Release35|Any CPU.Build.0 = Release35|Any CPU
		{DA780CA0-2606-4259-91C4-3F38C5C90592}.Release40|Any CPU.ActiveCfg = Release40|Any CPU
		{DA780CA0-2606-4259-91C4-3F38C5C90592}.Release40|Any CPU.Build.0 = Release40|Any CPU
		{DA780CA0-2606-4259-91C4-3F38C5C90592}.Release40Client|Any CPU.ActiveCfg = Release40Client|Any CPU
		{DA780CA0-2606-4259-91C4-3F38C5C90592}.Release40Client|Any CPU.Build.0 = Release40Client|Any CPU
		{DA780CA0-2606-4259-91C4-3F38C5C90592}.Release45|Any CPU.ActiveCfg = Release45|Any CPU
		{DA780CA0-2606-4259-91C4-3F38C5C90592}.Release45|Any CPU.Build.0 = Release45|Any CPU
		{DA780CA0-2606-4259-91C4-3F38C5C90592}.Release451|Any CPU.ActiveCfg = Release451|Any CPU
		{DA780CA0-2606-4259-91C4-3F38C5C90592}.Release451|Any CPU.Build.0 = Release451|Any CPU
	EndGlobalSection
	GlobalSection(SolutionProperties) = preSolution
		HideSolutionNode = FALSE
	EndGlobalSection
	GlobalSection(NestedProjects) = preSolution
		{DA1EFBAA-F96D-431E-B9A9-BA1E3B5CB0C8} = {4D373EF9-02B5-407E-80DA-D671074D98B7}
		{3E1104D7-02FA-4932-A88F-7A8238763758} = {FB8348E1-AFFC-4A79-B6EB-109E51EC840B}
		{031EB41D-54EF-4C5E-A3C3-8226AB02EA10} = {FB8348E1-AFFC-4A79-B6EB-109E51EC840B}
		{DA780CA0-2606-4259-91C4-3F38C5C90592} = {4D373EF9-02B5-407E-80DA-D671074D98B7}
	EndGlobalSection
	GlobalSection(ExtensibilityGlobals) = postSolution
		SolutionGuid = {1F9F5903-8602-43EA-8DB7-212F2CDDF2BF}
	EndGlobalSection
EndGlobal
